
Microsoft Visual Studio Solution File, Format Version 12.00
# Visual Studio Version 16
VisualStudioVersion = 16.0.29709.97
MinimumVisualStudioVersion = 10.0.40219.1
Project("{FAE04EC0-301F-11D3-BF4B-00C04F79EFBC}") = "Ordenacao", "Ordenacao\Ordenacao.csproj", "{D4E8AA7C-1221-426F-B7A6-04AE6DF20CF6}"
EndProject
Global
	GlobalSection(SolutionConfigurationPlatforms) = preSolution
		Debug|Any CPU = Debug|Any CPU
		Release|Any CPU = Release|Any CPU
	EndGlobalSection
	GlobalSection(ProjectConfigurationPlatforms) = postSolution
		{D4E8AA7C-1221-426F-B7A6-04AE6DF20CF6}.Debug|Any CPU.ActiveCfg = Debug|Any CPU
		{D4E8AA7C-1221-426F-B7A6-04AE6DF20CF6}.Debug|Any CPU.Build.0 = Debug|Any CPU
		{D4E8AA7C-1221-426F-B7A6-04AE6DF20CF6}.Release|Any CPU.ActiveCfg = Release|Any CPU
		{D4E8AA7C-1221-426F-B7A6-04AE6DF20CF6}.Release|Any CPU.Build.0 = Release|Any CPU
	EndGlobalSection
	GlobalSection(SolutionProperties) = preSolution
		HideSolutionNode = FALSE
	EndGlobalSection
	GlobalSection(ExtensibilityGlobals) = postSolution
		SolutionGuid = {D0F0E6BA-131B-424C-BE98-3EAED8F6A86E}
	EndGlobalSection
EndGlobal
